
Microsoft Visual Studio Solution File, Format Version 12.00
# Visual Studio 16
Project("{8BC9CEB8-8B4A-11D0-8D11-00A0C91BC942}") = "TimeyApplication", "TimeyApplication\TimeyApplication.vcxproj", "{41747529-2D6D-947B-569F-790042F77387}"
EndProject
Project("{2150E333-8FDC-42A3-9474-1A3956D46DE8}") = "Dependencies", "Dependencies", "{53E47842-3FC8-3998-A828-34EB942B241A}"
EndProject
Project("{8BC9CEB8-8B4A-11D0-8D11-00A0C91BC942}") = "sqlite3", "vendor\sqlite3\sqlite3.vcxproj", "{0ABC9DA7-769B-1C43-7FB3-A719EB1183A4}"
EndProject
Project("{8BC9CEB8-8B4A-11D0-8D11-00A0C91BC942}") = "TimeyCore", "TimeyCore\TimeyCore.vcxproj", "{960ECBCC-0279-7F43-4BB7-30E9B7605D98}"
EndProject
Global
	GlobalSection(SolutionConfigurationPlatforms) = preSolution
		Debug|x64 = Debug|x64
		Dist|x64 = Dist|x64
		Release|x64 = Release|x64
	EndGlobalSection
	GlobalSection(ProjectConfigurationPlatforms) = postSolution
		{41747529-2D6D-947B-569F-790042F77387}.Debug|x64.ActiveCfg = Debug|x64
		{41747529-2D6D-947B-569F-790042F77387}.Debug|x64.Build.0 = Debug|x64
		{41747529-2D6D-947B-569F-790042F77387}.Dist|x64.ActiveCfg = Dist|x64
		{41747529-2D6D-947B-569F-790042F77387}.Dist|x64.Build.0 = Dist|x64
		{41747529-2D6D-947B-569F-790042F77387}.Release|x64.ActiveCfg = Release|x64
		{41747529-2D6D-947B-569F-790042F77387}.Release|x64.Build.0 = Release|x64
		{0ABC9DA7-769B-1C43-7FB3-A719EB1183A4}.Debug|x64.ActiveCfg = Debug|x64
		{0ABC9DA7-769B-1C43-7FB3-A719EB1183A4}.Debug|x64.Build.0 = Debug|x64
		{0ABC9DA7-769B-1C43-7FB3-A719EB1183A4}.Dist|x64.ActiveCfg = Dist|x64
		{0ABC9DA7-769B-1C43-7FB3-A719EB1183A4}.Dist|x64.Build.0 = Dist|x64
		{0ABC9DA7-769B-1C43-7FB3-A719EB1183A4}.Release|x64.ActiveCfg = Release|x64
		{0ABC9DA7-769B-1C43-7FB3-A719EB1183A4}.Release|x64.Build.0 = Release|x64
		{960ECBCC-0279-7F43-4BB7-30E9B7605D98}.Debug|x64.ActiveCfg = Debug|x64
		{960ECBCC-0279-7F43-4BB7-30E9B7605D98}.Debug|x64.Build.0 = Debug|x64
		{960ECBCC-0279-7F43-4BB7-30E9B7605D98}.Dist|x64.ActiveCfg = Dist|x64
		{960ECBCC-0279-7F43-4BB7-30E9B7605D98}.Dist|x64.Build.0 = Dist|x64
		{960ECBCC-0279-7F43-4BB7-30E9B7605D98}.Release|x64.ActiveCfg = Release|x64
		{960ECBCC-0279-7F43-4BB7-30E9B7605D98}.Release|x64.Build.0 = Release|x64
	EndGlobalSection
	GlobalSection(SolutionProperties) = preSolution
		HideSolutionNode = FALSE
	EndGlobalSection
	GlobalSection(NestedProjects) = preSolution
		{0ABC9DA7-769B-1C43-7FB3-A719EB1183A4} = {53E47842-3FC8-3998-A828-34EB942B241A}
	EndGlobalSection
EndGlobal
