<?xml version="1.0" encoding="utf-8"?>
<Project ToolsVersion="4.0" xmlns="http://schemas.microsoft.com/developer/msbuild/2003">
  <ItemGroup>
    <Filter Include="AppCore">
      <UniqueIdentifier>{EF2D9C9C-5B0D-1B38-6425-A60ED0838199}</UniqueIdentifier>
    </Filter>
  </ItemGroup>
  <ItemGroup>
    <ClInclude Include="src\AppCore\Application.h">
      <Filter>AppCore</Filter>
    </ClInclude>
    <ClInclude Include="src\timey_pch.h" />
  </ItemGroup>
  <ItemGroup>
    <ClCompile Include="src\AppCore\Application.cpp">
      <Filter>AppCore</Filter>
    </ClCompile>
    <ClCompile Include="src\AppCore\main.cpp">
      <Filter>AppCore</Filter>
    </ClCompile>
    <ClCompile Include="src\timey_pch.cpp" />
  </ItemGroup>
</Project>