<?xml version="1.0" encoding="utf-8"?>
<Project ToolsVersion="4.0" xmlns="http://schemas.microsoft.com/developer/msbuild/2003">
  <ItemGroup>
    <Filter Include="Core">
      <UniqueIdentifier>{2EB4837C-1AEB-840D-C3D7-6A10AFED000F}</UniqueIdentifier>
    </Filter>
    <Filter Include="Core\DbClasses">
      <UniqueIdentifier>{B1C616AB-9D94-0AB1-8628-7BD77295E615}</UniqueIdentifier>
    </Filter>
    <Filter Include="Tests">
      <UniqueIdentifier>{5865280E-C479-50BF-8DFB-F31EF9CE4CF0}</UniqueIdentifier>
    </Filter>
  </ItemGroup>
  <ItemGroup>
    <ClInclude Include="src\Core\DbClasses\DataBase.h">
      <Filter>Core\DbClasses</Filter>
    </ClInclude>
    <ClInclude Include="src\Core\DbClasses\SQL_queries.h">
      <Filter>Core\DbClasses</Filter>
    </ClInclude>
    <ClInclude Include="src\Core\FileManager.h">
      <Filter>Core</Filter>
    </ClInclude>
    <ClInclude Include="src\Core\Log.h">
      <Filter>Core</Filter>
    </ClInclude>
    <ClInclude Include="src\Core\Object.h">
      <Filter>Core</Filter>
    </ClInclude>
    <ClInclude Include="src\Core\TimeyID.h">
      <Filter>Core</Filter>
    </ClInclude>
    <ClInclude Include="src\Core\TimeyTime.h">
      <Filter>Core</Filter>
    </ClInclude>
    <ClInclude Include="src\Core\Utilty.h">
      <Filter>Core</Filter>
    </ClInclude>
    <ClInclude Include="src\Tests\IntegrationTest.h">
      <Filter>Tests</Filter>
    </ClInclude>
    <ClInclude Include="src\TimeyCore.h" />
    <ClInclude Include="src\timey_pch.h" />
  </ItemGroup>
  <ItemGroup>
    <ClCompile Include="src\Core\DbClasses\DataBase.cpp">
      <Filter>Core\DbClasses</Filter>
    </ClCompile>
    <ClCompile Include="src\Core\FileManager.cpp">
      <Filter>Core</Filter>
    </ClCompile>
    <ClCompile Include="src\Core\Log.cpp">
      <Filter>Core</Filter>
    </ClCompile>
    <ClCompile Include="src\Core\TimeyID.cpp">
      <Filter>Core</Filter>
    </ClCompile>
    <ClCompile Include="src\Core\TimeyTime.cpp">
      <Filter>Core</Filter>
    </ClCompile>
    <ClCompile Include="src\Tests\IntegrationTest.cpp">
      <Filter>Tests</Filter>
    </ClCompile>
    <ClCompile Include="src\timey_pch.cpp" />
  </ItemGroup>
</Project>