<?xml version="1.0" encoding="utf-8"?>
<Project ToolsVersion="4.0" xmlns="http://schemas.microsoft.com/developer/msbuild/2003">
  <ItemGroup>
    <Filter Include="Core">
      <UniqueIdentifier>{2EB4837C-1AEB-840D-C3D7-6A10AFED000F}</UniqueIdentifier>
    </Filter>
    <Filter Include="Core\DbClasses">
      <UniqueIdentifier>{B1C616AB-9D94-0AB1-8628-7BD77295E615}</UniqueIdentifier>
    </Filter>
  </ItemGroup>
  <ItemGroup>
    <ClInclude Include="src\Core\DbClasses\CoreDataBase.h">
      <Filter>Core\DbClasses</Filter>
    </ClInclude>
    <ClInclude Include="src\Core\DbClasses\GroupDataBase.h">
      <Filter>Core\DbClasses</Filter>
    </ClInclude>
    <ClInclude Include="src\Core\DbClasses\ProjectDataBase.h">
      <Filter>Core\DbClasses</Filter>
    </ClInclude>
    <ClInclude Include="src\Core\DbClasses\ProjectGroupDataBase.h">
      <Filter>Core\DbClasses</Filter>
    </ClInclude>
    <ClInclude Include="src\Core\DbClasses\Query.h">
      <Filter>Core\DbClasses</Filter>
    </ClInclude>
    <ClInclude Include="src\Core\DbClasses\QueryResult.h">
      <Filter>Core\DbClasses</Filter>
    </ClInclude>
    <ClInclude Include="src\Core\DbClasses\SessionDataBase.h">
      <Filter>Core\DbClasses</Filter>
    </ClInclude>
    <ClInclude Include="src\Core\DbClasses\TagDataBase.h">
      <Filter>Core\DbClasses</Filter>
    </ClInclude>
    <ClInclude Include="src\Core\DbClasses\TagGroupDataBase.h">
      <Filter>Core\DbClasses</Filter>
    </ClInclude>
    <ClInclude Include="src\Core\FileManager.h">
      <Filter>Core</Filter>
    </ClInclude>
    <ClInclude Include="src\Core\Log.h">
      <Filter>Core</Filter>
    </ClInclude>
    <ClInclude Include="src\Core\Object.h">
      <Filter>Core</Filter>
    </ClInclude>
    <ClInclude Include="src\TimeyCore.h" />
    <ClInclude Include="src\timey_pch.h" />
    <ClInclude Include="src\Core\TimeyID.h" />
    <ClInclude Include="src\Core\TimeyTime.h" />
    <ClInclude Include="src\Core\DbClasses\DataBase.h" />
    <ClInclude Include="src\Core\Utilty.h" />
  </ItemGroup>
  <ItemGroup>
    <ClCompile Include="src\Core\DbClasses\CoreDataBase.cpp">
      <Filter>Core\DbClasses</Filter>
    </ClCompile>
    <ClCompile Include="src\Core\DbClasses\ProjectDataBase.cpp">
      <Filter>Core\DbClasses</Filter>
    </ClCompile>
    <ClCompile Include="src\Core\DbClasses\ProjectGroupDataBase.cpp">
      <Filter>Core\DbClasses</Filter>
    </ClCompile>
    <ClCompile Include="src\Core\DbClasses\Query.cpp">
      <Filter>Core\DbClasses</Filter>
    </ClCompile>
    <ClCompile Include="src\Core\DbClasses\QueryResult.cpp">
      <Filter>Core\DbClasses</Filter>
    </ClCompile>
    <ClCompile Include="src\Core\DbClasses\SessionDataBase.cpp">
      <Filter>Core\DbClasses</Filter>
    </ClCompile>
    <ClCompile Include="src\Core\DbClasses\TagDataBase.cpp">
      <Filter>Core\DbClasses</Filter>
    </ClCompile>
    <ClCompile Include="src\Core\DbClasses\TagGroupDataBase.cpp">
      <Filter>Core\DbClasses</Filter>
    </ClCompile>
    <ClCompile Include="src\Core\FileManager.cpp">
      <Filter>Core</Filter>
    </ClCompile>
    <ClCompile Include="src\Core\Log.cpp">
      <Filter>Core</Filter>
    </ClCompile>
    <ClCompile Include="src\timey_pch.cpp" />
    <ClCompile Include="src\Core\TimeyID.cpp" />
    <ClCompile Include="src\Core\TimeyTime.cpp" />
    <ClCompile Include="src\Core\DbClasses\DBtest.cpp" />
    <ClCompile Include="src\Core\DbClasses\DataBase.cpp" />
  </ItemGroup>
</Project>